{
  "name": "ddata",
  "version": "0.1.28",
  "lockfileVersion": 3,
  "requires": true,
  "packages": {
    "": {
      "name": "ddata",
      "version": "0.1.28",
      "license": "MIT",
      "engines": {
        "node": ">=12.20"
      },
      "peerDependencies": {
        "@75lb/nature": "latest"
      },
      "peerDependenciesMeta": {
        "@75lb/nature": {
          "optional": true
        }
      }
    }
  }
}
